
Microsoft Visual Studio Solution File, Format Version 12.00
# Visual Studio Version 17
VisualStudioVersion = 17.7.34024.191
MinimumVisualStudioVersion = 10.0.40219.1
Project("{9A19103F-16F7-4668-BE54-9A1E7A4F7556}") = "lab01", "lab01\lab01.csproj", "{65121DDD-F046-4666-B290-319BC04FC5B3}"
EndProject
Project("{FAE04EC0-301F-11D3-BF4B-00C04F79EFBC}") = "TestProject1", "TestProject1\TestProject1.csproj", "{1BA66645-980A-45E7-A32F-9D6816809BFF}"
EndProject
Global
	GlobalSection(SolutionConfigurationPlatforms) = preSolution
		Debug|Any CPU = Debug|Any CPU
		Release|Any CPU = Release|Any CPU
	EndGlobalSection
	GlobalSection(ProjectConfigurationPlatforms) = postSolution
		{65121DDD-F046-4666-B290-319BC04FC5B3}.Debug|Any CPU.ActiveCfg = Debug|Any CPU
		{65121DDD-F046-4666-B290-319BC04FC5B3}.Debug|Any CPU.Build.0 = Debug|Any CPU
		{65121DDD-F046-4666-B290-319BC04FC5B3}.Release|Any CPU.ActiveCfg = Release|Any CPU
		{65121DDD-F046-4666-B290-319BC04FC5B3}.Release|Any CPU.Build.0 = Release|Any CPU
		{1BA66645-980A-45E7-A32F-9D6816809BFF}.Debug|Any CPU.ActiveCfg = Debug|Any CPU
		{1BA66645-980A-45E7-A32F-9D6816809BFF}.Debug|Any CPU.Build.0 = Debug|Any CPU
		{1BA66645-980A-45E7-A32F-9D6816809BFF}.Release|Any CPU.ActiveCfg = Release|Any CPU
		{1BA66645-980A-45E7-A32F-9D6816809BFF}.Release|Any CPU.Build.0 = Release|Any CPU
	EndGlobalSection
	GlobalSection(SolutionProperties) = preSolution
		HideSolutionNode = FALSE
	EndGlobalSection
	GlobalSection(ExtensibilityGlobals) = postSolution
		SolutionGuid = {80614E51-1751-4368-86A9-BC8AF31496D7}
	EndGlobalSection
EndGlobal
